
Microsoft Visual Studio Solution File, Format Version 12.00
# Visual Studio Version 17
VisualStudioVersion = 17.6.33801.468
MinimumVisualStudioVersion = 10.0.40219.1
Project("{8BC9CEB8-8B4A-11D0-8D11-00A0C91BC942}") = "lab_vj3", "lab_vj3\lab_vj3.vcxproj", "{6F2F7E6A-2522-46C2-873F-F994813B5FAA}"
EndProject
Global
	GlobalSection(SolutionConfigurationPlatforms) = preSolution
		Debug|x64 = Debug|x64
		Debug|x86 = Debug|x86
		Release|x64 = Release|x64
		Release|x86 = Release|x86
	EndGlobalSection
	GlobalSection(ProjectConfigurationPlatforms) = postSolution
		{6F2F7E6A-2522-46C2-873F-F994813B5FAA}.Debug|x64.ActiveCfg = Debug|x64
		{6F2F7E6A-2522-46C2-873F-F994813B5FAA}.Debug|x64.Build.0 = Debug|x64
		{6F2F7E6A-2522-46C2-873F-F994813B5FAA}.Debug|x86.ActiveCfg = Debug|Win32
		{6F2F7E6A-2522-46C2-873F-F994813B5FAA}.Debug|x86.Build.0 = Debug|Win32
		{6F2F7E6A-2522-46C2-873F-F994813B5FAA}.Release|x64.ActiveCfg = Release|x64
		{6F2F7E6A-2522-46C2-873F-F994813B5FAA}.Release|x64.Build.0 = Release|x64
		{6F2F7E6A-2522-46C2-873F-F994813B5FAA}.Release|x86.ActiveCfg = Release|Win32
		{6F2F7E6A-2522-46C2-873F-F994813B5FAA}.Release|x86.Build.0 = Release|Win32
	EndGlobalSection
	GlobalSection(SolutionProperties) = preSolution
		HideSolutionNode = FALSE
	EndGlobalSection
	GlobalSection(ExtensibilityGlobals) = postSolution
		SolutionGuid = {0B19BAE6-34DF-4894-B61C-F219A6D0853A}
	EndGlobalSection
EndGlobal
